{
  "nodes": {
    "agenix": {
      "inputs": {
        "nixpkgs": [
          "nixpkgs"
        ]
      },
      "locked": {
        "lastModified": 1640802000,
        "narHash": "sha256-ZiI94Zv/IgW64fqKrtVaQqfUCkn9STvAjgfFmvtqcQ8=",
        "owner": "ryantm",
        "repo": "agenix",
        "rev": "c5558c88b2941bf94886dfdede6926b1ba5f5629",
        "type": "github"
      },
      "original": {
        "owner": "ryantm",
        "repo": "agenix",
        "type": "github"
      }
    },
    "cachix": {
      "locked": {
        "lastModified": 1637798660,
        "narHash": "sha256-MrPmoGeiOjlT17j3ZQx6iab07YVnomRiBFLcOCiCYnk=",
        "owner": "nixos",
        "repo": "nixpkgs",
        "rev": "91e6a9a6568f751bb10222a937507e7e151a035e",
        "type": "github"
      },
      "original": {
        "owner": "nixos",
        "ref": "nixos-21.05",
        "repo": "nixpkgs",
        "type": "github"
      }
    },
    "emacs-overlay": {
      "locked": {
        "lastModified": 1640976106,
        "narHash": "sha256-IiaARXtyQGqr7/S6EqymjQWlmMUyDNhpMuorG2uB1y0=",
        "owner": "nix-community",
        "repo": "emacs-overlay",
        "rev": "09d88e3894d691dd64e313abc1c231ba3a313822",
        "type": "github"
      },
      "original": {
        "owner": "nix-community",
        "repo": "emacs-overlay",
        "type": "github"
      }
    },
    "home-manager": {
      "inputs": {
        "nixpkgs": [
          "nixpkgs"
        ]
      },
      "locked": {
        "lastModified": 1640943848,
        "narHash": "sha256-AXmbspe5EXTr2WsGdtBhFgKtGvzMmPBgqOanFvQq974=",
        "owner": "nix-community",
        "repo": "home-manager",
        "rev": "89bdef7994a20b5285454bf42c7d2b53b98d5754",
        "type": "github"
      },
      "original": {
        "owner": "nix-community",
        "ref": "master",
        "repo": "home-manager",
        "type": "github"
      }
    },
    "nixos-hardware": {
      "locked": {
        "lastModified": 1640686209,
        "narHash": "sha256-6glXUlKRDhEhNuYx6r3fXU6KH2/Vq9mJZjB9oUpwrmc=",
        "owner": "nixos",
        "repo": "nixos-hardware",
        "rev": "46df95ca81e7e4cf3458cdb4b7d1714b5fce9da5",
        "type": "github"
      },
      "original": {
        "owner": "nixos",
        "repo": "nixos-hardware",
        "type": "github"
      }
    },
    "nixpkgs": {
      "locked": {
        "lastModified": 1640871638,
        "narHash": "sha256-ty6sGnJUQEkCd43At5U3DRQZD7rPARz5VginSW6hZ3k=",
        "owner": "NixOS",
        "repo": "nixpkgs",
        "rev": "5b091d4fbe3b7b7493c3b46fe0842e4b30ea24b3",
        "type": "github"
      },
      "original": {
        "id": "nixpkgs",
        "ref": "nixos-unstable",
        "type": "indirect"
      }
    },
    "nixpkgs-unstable": {
      "locked": {
        "lastModified": 1640989600,
        "narHash": "sha256-TtNhoDs3SN1HktFukOeZEhMFx8jMfEAEvhDPCB2Erj8=",
        "owner": "NixOS",
        "repo": "nixpkgs",
        "rev": "796af3ddba8c3b045b79332a39eae92f24efc277",
        "type": "github"
      },
      "original": {
        "id": "nixpkgs",
        "ref": "master",
        "type": "indirect"
      }
    },
    "nixpkgs-wayland": {
      "inputs": {
        "cachix": "cachix",
        "nixpkgs": [
          "nixpkgs"
        ]
      },
      "locked": {
        "lastModified": 1637983357,
        "narHash": "sha256-kferWoUKAAJO17t2D2nsEMvjMmOH1zyJPFUHtm+Cgn4=",
        "owner": "colemickens",
        "repo": "nixpkgs-wayland",
        "rev": "1e481bafca9e03ead4b85e4f46d8d959c5f9b11c",
        "type": "github"
      },
      "original": {
        "owner": "colemickens",
        "repo": "nixpkgs-wayland",
        "type": "github"
      }
    },
    "root": {
      "inputs": {
        "agenix": "agenix",
        "emacs-overlay": "emacs-overlay",
        "home-manager": "home-manager",
        "nixos-hardware": "nixos-hardware",
        "nixpkgs": "nixpkgs",
        "nixpkgs-unstable": "nixpkgs-unstable",
        "nixpkgs-wayland": "nixpkgs-wayland"
      }
    }
  },
  "root": "root",
  "version": 7
}
